
Microsoft Visual Studio Solution File, Format Version 11.00
# Visual Studio 2010
Project("{8BC9CEB8-8B4A-11D0-8D11-00A0C91BC942}") = "wxsqlite", "wxsqlite\wxsqlite.vcxproj", "{6058B036-CE05-4E12-87EB-942D1BD522CA}"
EndProject
Project("{8BC9CEB8-8B4A-11D0-8D11-00A0C91BC942}") = "dxwrap", "dxwrap\dxwrap.vcxproj", "{9E6F9AE7-1B91-4CB9-A995-2158553BFFCE}"
EndProject
Project("{8BC9CEB8-8B4A-11D0-8D11-00A0C91BC942}") = "ResourcePacker", "ResourcePacker\ResourcePacker.vcxproj", "{F622266C-C705-4BFF-8747-A2023F46EF09}"
	ProjectSection(ProjectDependencies) = postProject
		{6058B036-CE05-4E12-87EB-942D1BD522CA} = {6058B036-CE05-4E12-87EB-942D1BD522CA}
		{9E6F9AE7-1B91-4CB9-A995-2158553BFFCE} = {9E6F9AE7-1B91-4CB9-A995-2158553BFFCE}
	EndProjectSection
EndProject
Global
	GlobalSection(SolutionConfigurationPlatforms) = preSolution
		Debug|Win32 = Debug|Win32
		Release|Win32 = Release|Win32
	EndGlobalSection
	GlobalSection(ProjectConfigurationPlatforms) = postSolution
		{6058B036-CE05-4E12-87EB-942D1BD522CA}.Debug|Win32.ActiveCfg = Debug|Win32
		{6058B036-CE05-4E12-87EB-942D1BD522CA}.Debug|Win32.Build.0 = Debug|Win32
		{6058B036-CE05-4E12-87EB-942D1BD522CA}.Release|Win32.ActiveCfg = Release|Win32
		{6058B036-CE05-4E12-87EB-942D1BD522CA}.Release|Win32.Build.0 = Release|Win32
		{9E6F9AE7-1B91-4CB9-A995-2158553BFFCE}.Debug|Win32.ActiveCfg = Debug|Win32
		{9E6F9AE7-1B91-4CB9-A995-2158553BFFCE}.Debug|Win32.Build.0 = Debug|Win32
		{9E6F9AE7-1B91-4CB9-A995-2158553BFFCE}.Release|Win32.ActiveCfg = Release|Win32
		{9E6F9AE7-1B91-4CB9-A995-2158553BFFCE}.Release|Win32.Build.0 = Release|Win32
		{F622266C-C705-4BFF-8747-A2023F46EF09}.Debug|Win32.ActiveCfg = Debug|Win32
		{F622266C-C705-4BFF-8747-A2023F46EF09}.Debug|Win32.Build.0 = Debug|Win32
		{F622266C-C705-4BFF-8747-A2023F46EF09}.Release|Win32.ActiveCfg = Release|Win32
		{F622266C-C705-4BFF-8747-A2023F46EF09}.Release|Win32.Build.0 = Release|Win32
	EndGlobalSection
	GlobalSection(SolutionProperties) = preSolution
		HideSolutionNode = FALSE
	EndGlobalSection
EndGlobal
