<?xml version="1.0" encoding="utf-8"?>
<Project ToolsVersion="4.0" xmlns="http://schemas.microsoft.com/developer/msbuild/2003">
  <ItemGroup>
    <Filter Include="源文件">
      <UniqueIdentifier>{4FC737F1-C7A5-4376-A066-2A32D752A2FF}</UniqueIdentifier>
      <Extensions>cpp;c;cc;cxx;def;odl;idl;hpj;bat;asm;asmx</Extensions>
    </Filter>
    <Filter Include="头文件">
      <UniqueIdentifier>{93995380-89BD-4b04-88EB-625FBE52EBFB}</UniqueIdentifier>
      <Extensions>h;hpp;hxx;hm;inl;inc;xsd</Extensions>
    </Filter>
    <Filter Include="d3d">
      <UniqueIdentifier>{e4b4085b-5416-46fd-94b0-82fdf2a68f4a}</UniqueIdentifier>
    </Filter>
    <Filter Include="dinput">
      <UniqueIdentifier>{c0096667-7c31-4ba2-a5bf-e937bd86799d}</UniqueIdentifier>
    </Filter>
    <Filter Include="dshow">
      <UniqueIdentifier>{2f7063b3-ca8d-4978-a545-bbde2ad81ee9}</UniqueIdentifier>
    </Filter>
    <Filter Include="资源文件">
      <UniqueIdentifier>{67DA6AB6-F800-4c08-8B7A-83BB121AAD01}</UniqueIdentifier>
      <Extensions>rc;ico;cur;bmp;dlg;rc2;rct;bin;rgs;gif;jpg;jpeg;jpe;resx;tiff;tif;png;wav;mfcribbon-ms</Extensions>
    </Filter>
    <Filter Include="dxut">
      <UniqueIdentifier>{12641fa2-67bd-4d14-8e32-99c74c491bdb}</UniqueIdentifier>
    </Filter>
    <Filter Include="dxut\core">
      <UniqueIdentifier>{9c63fb65-8a60-41fa-8511-8352aa08dff3}</UniqueIdentifier>
    </Filter>
  </ItemGroup>
  <ItemGroup>
    <ClInclude Include="dxwrap.h" />
    <ClInclude Include="d3d\device.h">
      <Filter>d3d</Filter>
    </ClInclude>
    <ClInclude Include="d3d\direct3d.h">
      <Filter>d3d</Filter>
    </ClInclude>
    <ClInclude Include="d3d\font.h">
      <Filter>d3d</Filter>
    </ClInclude>
    <ClInclude Include="d3d\mesh.h">
      <Filter>d3d</Filter>
    </ClInclude>
    <ClInclude Include="d3d\sprite.h">
      <Filter>d3d</Filter>
    </ClInclude>
    <ClInclude Include="d3d\texture.h">
      <Filter>d3d</Filter>
    </ClInclude>
    <ClInclude Include="sigslot.h" />
    <ClInclude Include="dxut\core\DXUT.h">
      <Filter>dxut\core</Filter>
    </ClInclude>
  </ItemGroup>
  <ItemGroup>
    <ClCompile Include="d3d\device.cpp">
      <Filter>d3d</Filter>
    </ClCompile>
    <ClCompile Include="d3d\direct3d.cpp">
      <Filter>d3d</Filter>
    </ClCompile>
    <ClCompile Include="d3d\font.cpp">
      <Filter>d3d</Filter>
    </ClCompile>
    <ClCompile Include="d3d\mesh.cpp">
      <Filter>d3d</Filter>
    </ClCompile>
    <ClCompile Include="d3d\sprite.cpp">
      <Filter>d3d</Filter>
    </ClCompile>
    <ClCompile Include="d3d\texture.cpp">
      <Filter>d3d</Filter>
    </ClCompile>
    <ClCompile Include="dxut\core\DXUT.cpp">
      <Filter>dxut\core</Filter>
    </ClCompile>
  </ItemGroup>
</Project>